
Microsoft Visual Studio Solution File, Format Version 12.00
# Visual Studio 15
VisualStudioVersion = 15.0.28307.779
MinimumVisualStudioVersion = 10.0.40219.1
Project("{FAE04EC0-301F-11D3-BF4B-00C04F79EFBC}") = "Tp3WebApiMarcio", "Tp3WebApiMarcio\Tp3WebApiMarcio.csproj", "{A120D656-DD89-457F-B6EE-445938743814}"
EndProject
Project("{FAE04EC0-301F-11D3-BF4B-00C04F79EFBC}") = "ConsoleAmigo", "ConsoleAmigo\ConsoleAmigo.csproj", "{7DFB16D8-25A8-4B85-B984-2F91C1F92B90}"
EndProject
Project("{FAE04EC0-301F-11D3-BF4B-00C04F79EFBC}") = "WebApi", "WebApi\WebApi.csproj", "{15071253-FD12-4358-B86C-D968DF970867}"
EndProject
Global
	GlobalSection(SolutionConfigurationPlatforms) = preSolution
		Debug|Any CPU = Debug|Any CPU
		Release|Any CPU = Release|Any CPU
	EndGlobalSection
	GlobalSection(ProjectConfigurationPlatforms) = postSolution
		{A120D656-DD89-457F-B6EE-445938743814}.Debug|Any CPU.ActiveCfg = Debug|Any CPU
		{A120D656-DD89-457F-B6EE-445938743814}.Debug|Any CPU.Build.0 = Debug|Any CPU
		{A120D656-DD89-457F-B6EE-445938743814}.Release|Any CPU.ActiveCfg = Release|Any CPU
		{A120D656-DD89-457F-B6EE-445938743814}.Release|Any CPU.Build.0 = Release|Any CPU
		{7DFB16D8-25A8-4B85-B984-2F91C1F92B90}.Debug|Any CPU.ActiveCfg = Debug|Any CPU
		{7DFB16D8-25A8-4B85-B984-2F91C1F92B90}.Debug|Any CPU.Build.0 = Debug|Any CPU
		{7DFB16D8-25A8-4B85-B984-2F91C1F92B90}.Release|Any CPU.ActiveCfg = Release|Any CPU
		{7DFB16D8-25A8-4B85-B984-2F91C1F92B90}.Release|Any CPU.Build.0 = Release|Any CPU
		{15071253-FD12-4358-B86C-D968DF970867}.Debug|Any CPU.ActiveCfg = Debug|Any CPU
		{15071253-FD12-4358-B86C-D968DF970867}.Debug|Any CPU.Build.0 = Debug|Any CPU
		{15071253-FD12-4358-B86C-D968DF970867}.Release|Any CPU.ActiveCfg = Release|Any CPU
		{15071253-FD12-4358-B86C-D968DF970867}.Release|Any CPU.Build.0 = Release|Any CPU
	EndGlobalSection
	GlobalSection(SolutionProperties) = preSolution
		HideSolutionNode = FALSE
	EndGlobalSection
	GlobalSection(ExtensibilityGlobals) = postSolution
		SolutionGuid = {B7CA2906-7E8D-44A8-88CF-7352F80CEE21}
	EndGlobalSection
EndGlobal
